
Microsoft Visual Studio Solution File, Format Version 12.00
# Visual Studio 15
VisualStudioVersion = 15.0.27703.2035
MinimumVisualStudioVersion = 10.0.40219.1
Project("{FAE04EC0-301F-11D3-BF4B-00C04F79EFBC}") = "Paylaşım Botu Tarayıcı Entegre", "Paylaşım Botu Tarayıcı Entegre\Paylaşım Botu Tarayıcı Entegre.csproj", "{B30E535D-7144-4945-8519-EA1240D9754F}"
EndProject
Global
	GlobalSection(SolutionConfigurationPlatforms) = preSolution
		Debug|Any CPU = Debug|Any CPU
		Release|Any CPU = Release|Any CPU
	EndGlobalSection
	GlobalSection(ProjectConfigurationPlatforms) = postSolution
		{B30E535D-7144-4945-8519-EA1240D9754F}.Debug|Any CPU.ActiveCfg = Debug|Any CPU
		{B30E535D-7144-4945-8519-EA1240D9754F}.Debug|Any CPU.Build.0 = Debug|Any CPU
		{B30E535D-7144-4945-8519-EA1240D9754F}.Release|Any CPU.ActiveCfg = Release|Any CPU
		{B30E535D-7144-4945-8519-EA1240D9754F}.Release|Any CPU.Build.0 = Release|Any CPU
	EndGlobalSection
	GlobalSection(SolutionProperties) = preSolution
		HideSolutionNode = FALSE
	EndGlobalSection
	GlobalSection(ExtensibilityGlobals) = postSolution
		SolutionGuid = {70F2E5DC-1FC8-424A-9B83-4B4A1DC02C84}
	EndGlobalSection
EndGlobal
